// !$*UTF8*$!
{
	archiveVersion = 1;
	classes = {
	};
	objectVersion = 77;
	objects = {

/* Begin PBXContainerItemProxy section */
		D763E0742D5A20BC001F0254 /* PBXContainerItemProxy */ = {
			isa = PBXContainerItemProxy;
			containerPortal = D763E05B2D5A20BA001F0254 /* Project object */;
			proxyType = 1;
			remoteGlobalIDString = D763E0622D5A20BA001F0254;
			remoteInfo = SofaRotator;
		};
		D763E07E2D5A20BC001F0254 /* PBXContainerItemProxy */ = {
			isa = PBXContainerItemProxy;
			containerPortal = D763E05B2D5A20BA001F0254 /* Project object */;
			proxyType = 1;
			remoteGlobalIDString = D763E0622D5A20BA001F0254;
			remoteInfo = SofaRotator;
		};
/* End PBXContainerItemProxy section */

/* Begin PBXFileReference section */
		D763E0632D5A20BA001F0254 /* TesseractAx.app */ = {isa = PBXFileReference; explicitFileType = wrapper.application; includeInIndex = 0; path = TesseractAx.app; sourceTree = BUILT_PRODUCTS_DIR; };
		D763E0732D5A20BC001F0254 /* TesseractAxTests.xctest */ = {isa = PBXFileReference; explicitFileType = wrapper.cfbundle; includeInIndex = 0; path = TesseractAxTests.xctest; sourceTree = BUILT_PRODUCTS_DIR; };
		D763E07D2D5A20BC001F0254 /* TesseractAxUITests.xctest */ = {isa = PBXFileReference; explicitFileType = wrapper.cfbundle; includeInIndex = 0; path = TesseractAxUITests.xctest; sourceTree = BUILT_PRODUCTS_DIR; };
		D763E0992D5A30F1001F0254 /* SofaRotator.xctestplan */ = {isa = PBXFileReference; lastKnownFileType = text; path = SofaRotator.xctestplan; sourceTree = "<group>"; };
/* End PBXFileReference section */

/* Begin PBXFileSystemSynchronizedBuildFileExceptionSet section */
		D763E0962D5A28F8001F0254 /* Exceptions for "SofaRotator" folder in "TesseractAx" target */ = {
			isa = PBXFileSystemSynchronizedBuildFileExceptionSet;
			membershipExceptions = (
				Info.plist,
			);
			target = D763E0622D5A20BA001F0254 /* TesseractAx */;
		};
/* End PBXFileSystemSynchronizedBuildFileExceptionSet section */

/* Begin PBXFileSystemSynchronizedRootGroup section */
		D763E0652D5A20BA001F0254 /* SofaRotator */ = {
			isa = PBXFileSystemSynchronizedRootGroup;
			exceptions = (
				D763E0962D5A28F8001F0254 /* Exceptions for "SofaRotator" folder in "TesseractAx" target */,
			);
			path = SofaRotator;
			sourceTree = "<group>";
		};
		D763E0762D5A20BC001F0254 /* SofaRotatorTests */ = {
			isa = PBXFileSystemSynchronizedRootGroup;
			path = SofaRotatorTests;
			sourceTree = "<group>";
		};
		D763E0802D5A20BC001F0254 /* SofaRotatorUITests */ = {
			isa = PBXFileSystemSynchronizedRootGroup;
			path = SofaRotatorUITests;
			sourceTree = "<group>";
		};
/* End PBXFileSystemSynchronizedRootGroup section */

/* Begin PBXFrameworksBuildPhase section */
		D763E0602D5A20BA001F0254 /* Frameworks */ = {
			isa = PBXFrameworksBuildPhase;
			buildActionMask = 2147483647;
			files = (
			);
			runOnlyForDeploymentPostprocessing = 0;
		};
		D763E0702D5A20BC001F0254 /* Frameworks */ = {
			isa = PBXFrameworksBuildPhase;
			buildActionMask = 2147483647;
			files = (
			);
			runOnlyForDeploymentPostprocessing = 0;
		};
		D763E07A2D5A20BC001F0254 /* Frameworks */ = {
			isa = PBXFrameworksBuildPhase;
			buildActionMask = 2147483647;
			files = (
			);
			runOnlyForDeploymentPostprocessing = 0;
		};
/* End PBXFrameworksBuildPhase section */

/* Begin PBXGroup section */
		D763E05A2D5A20BA001F0254 = {
			isa = PBXGroup;
			children = (
				D763E0992D5A30F1001F0254 /* SofaRotator.xctestplan */,
				D763E0652D5A20BA001F0254 /* SofaRotator */,
				D763E0762D5A20BC001F0254 /* SofaRotatorTests */,
				D763E0802D5A20BC001F0254 /* SofaRotatorUITests */,
				D763E0642D5A20BA001F0254 /* Products */,
			);
			sourceTree = "<group>";
		};
		D763E0642D5A20BA001F0254 /* Products */ = {
			isa = PBXGroup;
			children = (
				D763E0632D5A20BA001F0254 /* TesseractAx.app */,
				D763E0732D5A20BC001F0254 /* TesseractAxTests.xctest */,
				D763E07D2D5A20BC001F0254 /* TesseractAxUITests.xctest */,
			);
			name = Products;
			sourceTree = "<group>";
		};
/* End PBXGroup section */

/* Begin PBXNativeTarget section */
		D763E0622D5A20BA001F0254 /* TesseractAx */ = {
			isa = PBXNativeTarget;
			buildConfigurationList = D763E0872D5A20BC001F0254 /* Build configuration list for PBXNativeTarget "TesseractAx" */;
			buildPhases = (
				D763E05F2D5A20BA001F0254 /* Sources */,
				D763E0602D5A20BA001F0254 /* Frameworks */,
				D763E0612D5A20BA001F0254 /* Resources */,
			);
			buildRules = (
			);
			dependencies = (
			);
			fileSystemSynchronizedGroups = (
				D763E0652D5A20BA001F0254 /* SofaRotator */,
			);
			name = TesseractAx;
			packageProductDependencies = (
			);
			productName = SofaRotator;
			productReference = D763E0632D5A20BA001F0254 /* TesseractAx.app */;
			productType = "com.apple.product-type.application";
		};
		D763E0722D5A20BC001F0254 /* TesseractAxTests */ = {
			isa = PBXNativeTarget;
			buildConfigurationList = D763E08A2D5A20BC001F0254 /* Build configuration list for PBXNativeTarget "TesseractAxTests" */;
			buildPhases = (
				D763E06F2D5A20BC001F0254 /* Sources */,
				D763E0702D5A20BC001F0254 /* Frameworks */,
				D763E0712D5A20BC001F0254 /* Resources */,
			);
			buildRules = (
			);
			dependencies = (
				D763E0752D5A20BC001F0254 /* PBXTargetDependency */,
			);
			fileSystemSynchronizedGroups = (
				D763E0762D5A20BC001F0254 /* SofaRotatorTests */,
			);
			name = TesseractAxTests;
			packageProductDependencies = (
			);
			productName = SofaRotatorTests;
			productReference = D763E0732D5A20BC001F0254 /* TesseractAxTests.xctest */;
			productType = "com.apple.product-type.bundle.unit-test";
		};
		D763E07C2D5A20BC001F0254 /* TesseractAxUITests */ = {
			isa = PBXNativeTarget;
			buildConfigurationList = D763E08D2D5A20BC001F0254 /* Build configuration list for PBXNativeTarget "TesseractAxUITests" */;
			buildPhases = (
				D763E0792D5A20BC001F0254 /* Sources */,
				D763E07A2D5A20BC001F0254 /* Frameworks */,
				D763E07B2D5A20BC001F0254 /* Resources */,
			);
			buildRules = (
			);
			dependencies = (
				D763E07F2D5A20BC001F0254 /* PBXTargetDependency */,
			);
			fileSystemSynchronizedGroups = (
				D763E0802D5A20BC001F0254 /* SofaRotatorUITests */,
			);
			name = TesseractAxUITests;
			packageProductDependencies = (
			);
			productName = SofaRotatorUITests;
			productReference = D763E07D2D5A20BC001F0254 /* TesseractAxUITests.xctest */;
			productType = "com.apple.product-type.bundle.ui-testing";
		};
/* End PBXNativeTarget section */

/* Begin PBXProject section */
		D763E05B2D5A20BA001F0254 /* Project object */ = {
			isa = PBXProject;
			attributes = {
				BuildIndependentTargetsInParallel = 1;
				LastSwiftUpdateCheck = 1620;
				LastUpgradeCheck = 1620;
				TargetAttributes = {
					D763E0622D5A20BA001F0254 = {
						CreatedOnToolsVersion = 16.2;
					};
					D763E0722D5A20BC001F0254 = {
						CreatedOnToolsVersion = 16.2;
						TestTargetID = D763E0622D5A20BA001F0254;
					};
					D763E07C2D5A20BC001F0254 = {
						CreatedOnToolsVersion = 16.2;
						TestTargetID = D763E0622D5A20BA001F0254;
					};
				};
			};
			buildConfigurationList = D763E05E2D5A20BA001F0254 /* Build configuration list for PBXProject "TesseractAx" */;
			developmentRegion = en;
			hasScannedForEncodings = 0;
			knownRegions = (
				en,
				Base,
			);
			mainGroup = D763E05A2D5A20BA001F0254;
			minimizedProjectReferenceProxies = 1;
			preferredProjectObjectVersion = 77;
			productRefGroup = D763E0642D5A20BA001F0254 /* Products */;
			projectDirPath = "";
			projectRoot = "";
			targets = (
				D763E0622D5A20BA001F0254 /* TesseractAx */,
				D763E0722D5A20BC001F0254 /* TesseractAxTests */,
				D763E07C2D5A20BC001F0254 /* TesseractAxUITests */,
			);
		};
/* End PBXProject section */

/* Begin PBXResourcesBuildPhase section */
		D763E0612D5A20BA001F0254 /* Resources */ = {
			isa = PBXResourcesBuildPhase;
			buildActionMask = 2147483647;
			files = (
			);
			runOnlyForDeploymentPostprocessing = 0;
		};
		D763E0712D5A20BC001F0254 /* Resources */ = {
			isa = PBXResourcesBuildPhase;
			buildActionMask = 2147483647;
			files = (
			);
			runOnlyForDeploymentPostprocessing = 0;
		};
		D763E07B2D5A20BC001F0254 /* Resources */ = {
			isa = PBXResourcesBuildPhase;
			buildActionMask = 2147483647;
			files = (
			);
			runOnlyForDeploymentPostprocessing = 0;
		};
/* End PBXResourcesBuildPhase section */

/* Begin PBXSourcesBuildPhase section */
		D763E05F2D5A20BA001F0254 /* Sources */ = {
			isa = PBXSourcesBuildPhase;
			buildActionMask = 2147483647;
			files = (
			);
			runOnlyForDeploymentPostprocessing = 0;
		};
		D763E06F2D5A20BC001F0254 /* Sources */ = {
			isa = PBXSourcesBuildPhase;
			buildActionMask = 2147483647;
			files = (
			);
			runOnlyForDeploymentPostprocessing = 0;
		};
		D763E0792D5A20BC001F0254 /* Sources */ = {
			isa = PBXSourcesBuildPhase;
			buildActionMask = 2147483647;
			files = (
			);
			runOnlyForDeploymentPostprocessing = 0;
		};
/* End PBXSourcesBuildPhase section */

/* Begin PBXTargetDependency section */
		D763E0752D5A20BC001F0254 /* PBXTargetDependency */ = {
			isa = PBXTargetDependency;
			target = D763E0622D5A20BA001F0254 /* TesseractAx */;
			targetProxy = D763E0742D5A20BC001F0254 /* PBXContainerItemProxy */;
		};
		D763E07F2D5A20BC001F0254 /* PBXTargetDependency */ = {
			isa = PBXTargetDependency;
			target = D763E0622D5A20BA001F0254 /* TesseractAx */;
			targetProxy = D763E07E2D5A20BC001F0254 /* PBXContainerItemProxy */;
		};
/* End PBXTargetDependency section */

/* Begin XCBuildConfiguration section */
		D763E0852D5A20BC001F0254 /* Debug */ = {
			isa = XCBuildConfiguration;
			buildSettings = {
				ALWAYS_SEARCH_USER_PATHS = NO;
				ASSETCATALOG_COMPILER_GENERATE_SWIFT_ASSET_SYMBOL_EXTENSIONS = YES;
				CLANG_ANALYZER_NONNULL = YES;
				CLANG_ANALYZER_NUMBER_OBJECT_CONVERSION = YES_AGGRESSIVE;
				CLANG_CXX_LANGUAGE_STANDARD = "gnu++20";
				CLANG_ENABLE_MODULES = YES;
				CLANG_ENABLE_OBJC_ARC = YES;
				CLANG_ENABLE_OBJC_WEAK = YES;
				CLANG_WARN_BLOCK_CAPTURE_AUTORELEASING = YES;
				CLANG_WARN_BOOL_CONVERSION = YES;
				CLANG_WARN_COMMA = YES;
				CLANG_WARN_CONSTANT_CONVERSION = YES;
				CLANG_WARN_DEPRECATED_OBJC_IMPLEMENTATIONS = YES;
				CLANG_WARN_DIRECT_OBJC_ISA_USAGE = YES_ERROR;
				CLANG_WARN_DOCUMENTATION_COMMENTS = YES;
				CLANG_WARN_EMPTY_BODY = YES;
				CLANG_WARN_ENUM_CONVERSION = YES;
				CLANG_WARN_INFINITE_RECURSION = YES;
				CLANG_WARN_INT_CONVERSION = YES;
				CLANG_WARN_NON_LITERAL_NULL_CONVERSION = YES;
				CLANG_WARN_OBJC_IMPLICIT_RETAIN_SELF = YES;
				CLANG_WARN_OBJC_LITERAL_CONVERSION = YES;
				CLANG_WARN_OBJC_ROOT_CLASS = YES_ERROR;
				CLANG_WARN_QUOTED_INCLUDE_IN_FRAMEWORK_HEADER = YES;
				CLANG_WARN_RANGE_LOOP_ANALYSIS = YES;
				CLANG_WARN_STRICT_PROTOTYPES = YES;
				CLANG_WARN_SUSPICIOUS_MOVE = YES;
				CLANG_WARN_UNGUARDED_AVAILABILITY = YES_AGGRESSIVE;
				CLANG_WARN_UNREACHABLE_CODE = YES;
				CLANG_WARN__DUPLICATE_METHOD_MATCH = YES;
				COPY_PHASE_STRIP = NO;
				DEBUG_INFORMATION_FORMAT = dwarf;
				ENABLE_STRICT_OBJC_MSGSEND = YES;
				ENABLE_TESTABILITY = YES;
				ENABLE_USER_SCRIPT_SANDBOXING = YES;
				GCC_C_LANGUAGE_STANDARD = gnu17;
				GCC_DYNAMIC_NO_PIC = NO;
				GCC_NO_COMMON_BLOCKS = YES;
				GCC_OPTIMIZATION_LEVEL = 0;
				GCC_PREPROCESSOR_DEFINITIONS = (
					"DEBUG=1",
					"$(inherited)",
				);
				GCC_WARN_64_TO_32_BIT_CONVERSION = YES;
				GCC_WARN_ABOUT_RETURN_TYPE = YES_ERROR;
				GCC_WARN_UNDECLARED_SELECTOR = YES;
				GCC_WARN_UNINITIALIZED_AUTOS = YES_AGGRESSIVE;
				GCC_WARN_UNUSED_FUNCTION = YES;
				GCC_WARN_UNUSED_VARIABLE = YES;
				IPHONEOS_DEPLOYMENT_TARGET = 17.2;
				LOCALIZATION_PREFERS_STRING_CATALOGS = YES;
				MTL_ENABLE_DEBUG_INFO = INCLUDE_SOURCE;
				MTL_FAST_MATH = YES;
				ONLY_ACTIVE_ARCH = YES;
				SDKROOT = iphoneos;
				SWIFT_ACTIVE_COMPILATION_CONDITIONS = "DEBUG $(inherited)";
				SWIFT_OPTIMIZATION_LEVEL = "-Onone";
				VALID_ARCHS = "arm64 arm64e";
			};
			name = Debug;
		};
		D763E0862D5A20BC001F0254 /* Release */ = {
			isa = XCBuildConfiguration;
			buildSettings = {
				ALWAYS_SEARCH_USER_PATHS = NO;
				ASSETCATALOG_COMPILER_GENERATE_SWIFT_ASSET_SYMBOL_EXTENSIONS = YES;
				CLANG_ANALYZER_NONNULL = YES;
				CLANG_ANALYZER_NUMBER_OBJECT_CONVERSION = YES_AGGRESSIVE;
				CLANG_CXX_LANGUAGE_STANDARD = "gnu++20";
				CLANG_ENABLE_MODULES = YES;
				CLANG_ENABLE_OBJC_ARC = YES;
				CLANG_ENABLE_OBJC_WEAK = YES;
				CLANG_WARN_BLOCK_CAPTURE_AUTORELEASING = YES;
				CLANG_WARN_BOOL_CONVERSION = YES;
				CLANG_WARN_COMMA = YES;
				CLANG_WARN_CONSTANT_CONVERSION = YES;
				CLANG_WARN_DEPRECATED_OBJC_IMPLEMENTATIONS = YES;
				CLANG_WARN_DIRECT_OBJC_ISA_USAGE = YES_ERROR;
				CLANG_WARN_DOCUMENTATION_COMMENTS = YES;
				CLANG_WARN_EMPTY_BODY = YES;
				CLANG_WARN_ENUM_CONVERSION = YES;
				CLANG_WARN_INFINITE_RECURSION = YES;
				CLANG_WARN_INT_CONVERSION = YES;
				CLANG_WARN_NON_LITERAL_NULL_CONVERSION = YES;
				CLANG_WARN_OBJC_IMPLICIT_RETAIN_SELF = YES;
				CLANG_WARN_OBJC_LITERAL_CONVERSION = YES;
				CLANG_WARN_OBJC_ROOT_CLASS = YES_ERROR;
				CLANG_WARN_QUOTED_INCLUDE_IN_FRAMEWORK_HEADER = YES;
				CLANG_WARN_RANGE_LOOP_ANALYSIS = YES;
				CLANG_WARN_STRICT_PROTOTYPES = YES;
				CLANG_WARN_SUSPICIOUS_MOVE = YES;
				CLANG_WARN_UNGUARDED_AVAILABILITY = YES_AGGRESSIVE;
				CLANG_WARN_UNREACHABLE_CODE = YES;
				CLANG_WARN__DUPLICATE_METHOD_MATCH = YES;
				COPY_PHASE_STRIP = NO;
				DEBUG_INFORMATION_FORMAT = "dwarf-with-dsym";
				ENABLE_NS_ASSERTIONS = NO;
				ENABLE_STRICT_OBJC_MSGSEND = YES;
				ENABLE_USER_SCRIPT_SANDBOXING = YES;
				GCC_C_LANGUAGE_STANDARD = gnu17;
				GCC_NO_COMMON_BLOCKS = YES;
				GCC_WARN_64_TO_32_BIT_CONVERSION = YES;
				GCC_WARN_ABOUT_RETURN_TYPE = YES_ERROR;
				GCC_WARN_UNDECLARED_SELECTOR = YES;
				GCC_WARN_UNINITIALIZED_AUTOS = YES_AGGRESSIVE;
				GCC_WARN_UNUSED_FUNCTION = YES;
				GCC_WARN_UNUSED_VARIABLE = YES;
				IPHONEOS_DEPLOYMENT_TARGET = 17.2;
				LOCALIZATION_PREFERS_STRING_CATALOGS = YES;
				MTL_ENABLE_DEBUG_INFO = NO;
				MTL_FAST_MATH = YES;
				SDKROOT = iphoneos;
				SWIFT_COMPILATION_MODE = wholemodule;
				VALIDATE_PRODUCT = YES;
				VALID_ARCHS = "arm64 arm64e";
			};
			name = Release;
		};
		D763E0882D5A20BC001F0254 /* Debug */ = {
			isa = XCBuildConfiguration;
			buildSettings = {
				ASSETCATALOG_COMPILER_APPICON_NAME = AppIcon;
				ASSETCATALOG_COMPILER_GLOBAL_ACCENT_COLOR_NAME = AccentColor;
				ASSETCATALOG_COMPILER_INCLUDE_ALL_APPICON_ASSETS = YES;
				CODE_SIGN_STYLE = Automatic;
				CURRENT_PROJECT_VERSION = 1;
				DEVELOPMENT_ASSET_PATHS = "\"SofaRotator/Preview Content\"";
				DEVELOPMENT_TEAM = G8ZX9P9XV6;
				ENABLE_PREVIEWS = YES;
				GENERATE_INFOPLIST_FILE = YES;
				INFOPLIST_FILE = SofaRotator/Info.plist;
				INFOPLIST_KEY_CFBundleDisplayName = TesseractAx;
				INFOPLIST_KEY_LSApplicationCategoryType = "public.app-category.education";
				INFOPLIST_KEY_NSMotionUsageDescription = "We need access to device motion to rotate the sofa based on device orientation";
				INFOPLIST_KEY_UIApplicationSceneManifest_Generation = YES;
				INFOPLIST_KEY_UIApplicationSupportsIndirectInputEvents = YES;
				INFOPLIST_KEY_UILaunchScreen_Generation = YES;
				INFOPLIST_KEY_UISupportedInterfaceOrientations_iPad = "UIInterfaceOrientationPortrait UIInterfaceOrientationPortraitUpsideDown UIInterfaceOrientationLandscapeLeft UIInterfaceOrientationLandscapeRight";
				INFOPLIST_KEY_UISupportedInterfaceOrientations_iPhone = "UIInterfaceOrientationPortrait UIInterfaceOrientationLandscapeLeft UIInterfaceOrientationLandscapeRight";
				IPHONEOS_DEPLOYMENT_TARGET = 18.0;
				LD_RUNPATH_SEARCH_PATHS = (
					"$(inherited)",
					"@executable_path/Frameworks",
				);
				MARKETING_VERSION = 1.2.0;
				PRODUCT_BUNDLE_IDENTIFIER = net.schmidtlab.SofaRotator;
				PRODUCT_NAME = "$(TARGET_NAME)";
				SUPPORTED_PLATFORMS = "iphoneos iphonesimulator";
				SUPPORTS_MACCATALYST = NO;
				SUPPORTS_MAC_DESIGNED_FOR_IPHONE_IPAD = NO;
				SUPPORTS_XR_DESIGNED_FOR_IPHONE_IPAD = NO;
				SWIFT_EMIT_LOC_STRINGS = YES;
				SWIFT_VERSION = 5.0;
				TARGETED_DEVICE_FAMILY = 1;
				VALID_ARCHS = "arm64 arm64e";
			};
			name = Debug;
		};
		D763E0892D5A20BC001F0254 /* Release */ = {
			isa = XCBuildConfiguration;
			buildSettings = {
				ASSETCATALOG_COMPILER_APPICON_NAME = AppIcon;
				ASSETCATALOG_COMPILER_GLOBAL_ACCENT_COLOR_NAME = AccentColor;
				ASSETCATALOG_COMPILER_INCLUDE_ALL_APPICON_ASSETS = YES;
				CODE_SIGN_STYLE = Automatic;
				CURRENT_PROJECT_VERSION = 1;
				DEVELOPMENT_ASSET_PATHS = "\"SofaRotator/Preview Content\"";
				DEVELOPMENT_TEAM = G8ZX9P9XV6;
				ENABLE_PREVIEWS = YES;
				GENERATE_INFOPLIST_FILE = YES;
				INFOPLIST_FILE = SofaRotator/Info.plist;
				INFOPLIST_KEY_CFBundleDisplayName = TesseractAx;
				INFOPLIST_KEY_LSApplicationCategoryType = "public.app-category.education";
				INFOPLIST_KEY_NSMotionUsageDescription = "We need access to device motion to rotate the sofa based on device orientation";
				INFOPLIST_KEY_UIApplicationSceneManifest_Generation = YES;
				INFOPLIST_KEY_UIApplicationSupportsIndirectInputEvents = YES;
				INFOPLIST_KEY_UILaunchScreen_Generation = YES;
				INFOPLIST_KEY_UISupportedInterfaceOrientations_iPad = "UIInterfaceOrientationPortrait UIInterfaceOrientationPortraitUpsideDown UIInterfaceOrientationLandscapeLeft UIInterfaceOrientationLandscapeRight";
				INFOPLIST_KEY_UISupportedInterfaceOrientations_iPhone = "UIInterfaceOrientationPortrait UIInterfaceOrientationLandscapeLeft UIInterfaceOrientationLandscapeRight";
				IPHONEOS_DEPLOYMENT_TARGET = 18.0;
				LD_RUNPATH_SEARCH_PATHS = (
					"$(inherited)",
					"@executable_path/Frameworks",
				);
				MARKETING_VERSION = 1.2.0;
				PRODUCT_BUNDLE_IDENTIFIER = net.schmidtlab.SofaRotator;
				PRODUCT_NAME = "$(TARGET_NAME)";
				SUPPORTED_PLATFORMS = "iphoneos iphonesimulator";
				SUPPORTS_MACCATALYST = NO;
				SUPPORTS_MAC_DESIGNED_FOR_IPHONE_IPAD = NO;
				SUPPORTS_XR_DESIGNED_FOR_IPHONE_IPAD = NO;
				SWIFT_EMIT_LOC_STRINGS = YES;
				SWIFT_VERSION = 5.0;
				TARGETED_DEVICE_FAMILY = 1;
				VALID_ARCHS = "arm64 arm64e";
			};
			name = Release;
		};
		D763E08B2D5A20BC001F0254 /* Debug */ = {
			isa = XCBuildConfiguration;
			buildSettings = {
				BUNDLE_LOADER = "$(TEST_HOST)";
				CODE_SIGN_STYLE = Automatic;
				CURRENT_PROJECT_VERSION = 1;
				DEVELOPMENT_TEAM = G8ZX9P9XV6;
				GENERATE_INFOPLIST_FILE = YES;
				IPHONEOS_DEPLOYMENT_TARGET = 17.2;
				MARKETING_VERSION = 1.0;
				PRODUCT_BUNDLE_IDENTIFIER = net.schmidtlab.SofaRotatorTests;
				PRODUCT_NAME = "$(TARGET_NAME)";
				SWIFT_EMIT_LOC_STRINGS = NO;
				SWIFT_VERSION = 5.0;
				TARGETED_DEVICE_FAMILY = "1,2";
				TEST_HOST = "$(BUILT_PRODUCTS_DIR)/TesseractAx.app/$(BUNDLE_EXECUTABLE_FOLDER_PATH)/TesseractAx";
				VALID_ARCHS = "arm64 arm64e";
			};
			name = Debug;
		};
		D763E08C2D5A20BC001F0254 /* Release */ = {
			isa = XCBuildConfiguration;
			buildSettings = {
				BUNDLE_LOADER = "$(TEST_HOST)";
				CODE_SIGN_STYLE = Automatic;
				CURRENT_PROJECT_VERSION = 1;
				DEVELOPMENT_TEAM = G8ZX9P9XV6;
				GENERATE_INFOPLIST_FILE = YES;
				IPHONEOS_DEPLOYMENT_TARGET = 17.2;
				MARKETING_VERSION = 1.0;
				PRODUCT_BUNDLE_IDENTIFIER = net.schmidtlab.SofaRotatorTests;
				PRODUCT_NAME = "$(TARGET_NAME)";
				SWIFT_EMIT_LOC_STRINGS = NO;
				SWIFT_VERSION = 5.0;
				TARGETED_DEVICE_FAMILY = "1,2";
				TEST_HOST = "$(BUILT_PRODUCTS_DIR)/TesseractAx.app/$(BUNDLE_EXECUTABLE_FOLDER_PATH)/TesseractAx";
				VALID_ARCHS = "arm64 arm64e";
			};
			name = Release;
		};
		D763E08E2D5A20BC001F0254 /* Debug */ = {
			isa = XCBuildConfiguration;
			buildSettings = {
				CODE_SIGN_STYLE = Automatic;
				CURRENT_PROJECT_VERSION = 1;
				DEVELOPMENT_TEAM = G8ZX9P9XV6;
				GENERATE_INFOPLIST_FILE = YES;
				MARKETING_VERSION = 1.0;
				PRODUCT_BUNDLE_IDENTIFIER = net.schmidtlab.SofaRotatorUITests;
				PRODUCT_NAME = "$(TARGET_NAME)";
				SWIFT_EMIT_LOC_STRINGS = NO;
				SWIFT_VERSION = 5.0;
				TARGETED_DEVICE_FAMILY = "1,2";
				TEST_TARGET_NAME = SofaRotator;
				VALID_ARCHS = "arm64 arm64e";
			};
			name = Debug;
		};
		D763E08F2D5A20BC001F0254 /* Release */ = {
			isa = XCBuildConfiguration;
			buildSettings = {
				CODE_SIGN_STYLE = Automatic;
				CURRENT_PROJECT_VERSION = 1;
				DEVELOPMENT_TEAM = G8ZX9P9XV6;
				GENERATE_INFOPLIST_FILE = YES;
				MARKETING_VERSION = 1.0;
				PRODUCT_BUNDLE_IDENTIFIER = net.schmidtlab.SofaRotatorUITests;
				PRODUCT_NAME = "$(TARGET_NAME)";
				SWIFT_EMIT_LOC_STRINGS = NO;
				SWIFT_VERSION = 5.0;
				TARGETED_DEVICE_FAMILY = "1,2";
				TEST_TARGET_NAME = SofaRotator;
				VALID_ARCHS = "arm64 arm64e";
			};
			name = Release;
		};
/* End XCBuildConfiguration section */

/* Begin XCConfigurationList section */
		D763E05E2D5A20BA001F0254 /* Build configuration list for PBXProject "TesseractAx" */ = {
			isa = XCConfigurationList;
			buildConfigurations = (
				D763E0852D5A20BC001F0254 /* Debug */,
				D763E0862D5A20BC001F0254 /* Release */,
			);
			defaultConfigurationIsVisible = 0;
			defaultConfigurationName = Release;
		};
		D763E0872D5A20BC001F0254 /* Build configuration list for PBXNativeTarget "TesseractAx" */ = {
			isa = XCConfigurationList;
			buildConfigurations = (
				D763E0882D5A20BC001F0254 /* Debug */,
				D763E0892D5A20BC001F0254 /* Release */,
			);
			defaultConfigurationIsVisible = 0;
			defaultConfigurationName = Release;
		};
		D763E08A2D5A20BC001F0254 /* Build configuration list for PBXNativeTarget "TesseractAxTests" */ = {
			isa = XCConfigurationList;
			buildConfigurations = (
				D763E08B2D5A20BC001F0254 /* Debug */,
				D763E08C2D5A20BC001F0254 /* Release */,
			);
			defaultConfigurationIsVisible = 0;
			defaultConfigurationName = Release;
		};
		D763E08D2D5A20BC001F0254 /* Build configuration list for PBXNativeTarget "TesseractAxUITests" */ = {
			isa = XCConfigurationList;
			buildConfigurations = (
				D763E08E2D5A20BC001F0254 /* Debug */,
				D763E08F2D5A20BC001F0254 /* Release */,
			);
			defaultConfigurationIsVisible = 0;
			defaultConfigurationName = Release;
		};
/* End XCConfigurationList section */
	};
	rootObject = D763E05B2D5A20BA001F0254 /* Project object */;
}
